
Microsoft Visual Studio Solution File, Format Version 12.00
# Visual Studio Version 16
VisualStudioVersion = 16.0.31129.286
MinimumVisualStudioVersion = 10.0.40219.1
Project("{FAE04EC0-301F-11D3-BF4B-00C04F79EFBC}") = "BasicSyntax", "BasicSyntax\BasicSyntax.csproj", "{45BEC5D0-1087-4023-82B5-BBD8E4392AD3}"
EndProject
Global
	GlobalSection(SolutionConfigurationPlatforms) = preSolution
		Debug|Any CPU = Debug|Any CPU
		Release|Any CPU = Release|Any CPU
	EndGlobalSection
	GlobalSection(ProjectConfigurationPlatforms) = postSolution
		{45BEC5D0-1087-4023-82B5-BBD8E4392AD3}.Debug|Any CPU.ActiveCfg = Debug|Any CPU
		{45BEC5D0-1087-4023-82B5-BBD8E4392AD3}.Debug|Any CPU.Build.0 = Debug|Any CPU
		{45BEC5D0-1087-4023-82B5-BBD8E4392AD3}.Release|Any CPU.ActiveCfg = Release|Any CPU
		{45BEC5D0-1087-4023-82B5-BBD8E4392AD3}.Release|Any CPU.Build.0 = Release|Any CPU
	EndGlobalSection
	GlobalSection(SolutionProperties) = preSolution
		HideSolutionNode = FALSE
	EndGlobalSection
	GlobalSection(ExtensibilityGlobals) = postSolution
		SolutionGuid = {3C2367DF-1C46-4357-A4BC-92A88D34FD4D}
	EndGlobalSection
EndGlobal
